
Microsoft Visual Studio Solution File, Format Version 12.00
# Visual Studio Version 17
VisualStudioVersion = 17.3.32901.215
MinimumVisualStudioVersion = 10.0.40219.1
Project("{9A19103F-16F7-4668-BE54-9A1E7A4F7556}") = "GameAPI", "GameAPI\GameAPI.csproj", "{5C6D4CB7-B3F4-4AC7-B436-EB07CC758F77}"
EndProject
Project("{9A19103F-16F7-4668-BE54-9A1E7A4F7556}") = "Models.Entities_POCO", "Models.Entities_POCO\Models.Entities_POCO.csproj", "{2F6FFD0E-01BD-4358-85C0-06CC0922F7E4}"
EndProject
Project("{9A19103F-16F7-4668-BE54-9A1E7A4F7556}") = "GameAPI_Repos", "GameAPI_Repos\GameAPI_Repos.csproj", "{5AAA7BBA-101B-428D-AD0D-C73B9809CB3B}"
EndProject
Project("{9A19103F-16F7-4668-BE54-9A1E7A4F7556}") = "Models.DTO", "Models.DTO\Models.DTO.csproj", "{55CC6013-5BD6-4C81-80D2-D1B13B33EB43}"
EndProject
Global
	GlobalSection(SolutionConfigurationPlatforms) = preSolution
		Debug|Any CPU = Debug|Any CPU
		Release|Any CPU = Release|Any CPU
	EndGlobalSection
	GlobalSection(ProjectConfigurationPlatforms) = postSolution
		{5C6D4CB7-B3F4-4AC7-B436-EB07CC758F77}.Debug|Any CPU.ActiveCfg = Debug|Any CPU
		{5C6D4CB7-B3F4-4AC7-B436-EB07CC758F77}.Debug|Any CPU.Build.0 = Debug|Any CPU
		{5C6D4CB7-B3F4-4AC7-B436-EB07CC758F77}.Release|Any CPU.ActiveCfg = Release|Any CPU
		{5C6D4CB7-B3F4-4AC7-B436-EB07CC758F77}.Release|Any CPU.Build.0 = Release|Any CPU
		{2F6FFD0E-01BD-4358-85C0-06CC0922F7E4}.Debug|Any CPU.ActiveCfg = Debug|Any CPU
		{2F6FFD0E-01BD-4358-85C0-06CC0922F7E4}.Debug|Any CPU.Build.0 = Debug|Any CPU
		{2F6FFD0E-01BD-4358-85C0-06CC0922F7E4}.Release|Any CPU.ActiveCfg = Release|Any CPU
		{2F6FFD0E-01BD-4358-85C0-06CC0922F7E4}.Release|Any CPU.Build.0 = Release|Any CPU
		{5AAA7BBA-101B-428D-AD0D-C73B9809CB3B}.Debug|Any CPU.ActiveCfg = Debug|Any CPU
		{5AAA7BBA-101B-428D-AD0D-C73B9809CB3B}.Debug|Any CPU.Build.0 = Debug|Any CPU
		{5AAA7BBA-101B-428D-AD0D-C73B9809CB3B}.Release|Any CPU.ActiveCfg = Release|Any CPU
		{5AAA7BBA-101B-428D-AD0D-C73B9809CB3B}.Release|Any CPU.Build.0 = Release|Any CPU
		{55CC6013-5BD6-4C81-80D2-D1B13B33EB43}.Debug|Any CPU.ActiveCfg = Debug|Any CPU
		{55CC6013-5BD6-4C81-80D2-D1B13B33EB43}.Debug|Any CPU.Build.0 = Debug|Any CPU
		{55CC6013-5BD6-4C81-80D2-D1B13B33EB43}.Release|Any CPU.ActiveCfg = Release|Any CPU
		{55CC6013-5BD6-4C81-80D2-D1B13B33EB43}.Release|Any CPU.Build.0 = Release|Any CPU
	EndGlobalSection
	GlobalSection(SolutionProperties) = preSolution
		HideSolutionNode = FALSE
	EndGlobalSection
	GlobalSection(ExtensibilityGlobals) = postSolution
		SolutionGuid = {515529E4-BFF7-4681-82B2-6D260A746254}
	EndGlobalSection
EndGlobal
